<Solution>
  <Folder Name="/Src/">
    <Project Path="src/Northwind.Runtime/Northwind.Runtime.csproj" />
    <Project Path="src/Northwind.WebService/Northwind.WebService.csproj" />
    <Project Path="src/Northwind.Worker/Northwind.Worker.csproj" />
    <Project Path="src/Northwind.CronJob/Northwind.CronJob.csproj" />
    <Project Path="src/Northwind.Function/Northwind.Function.csproj" />
  </Folder>
</Solution>
